
Microsoft Visual Studio Solution File, Format Version 12.00
# Visual Studio 15
Project("{FAE04EC0-301F-11D3-BF4B-00C04F79EFBC}") = "Opdracht-1", "Opdracht-1\Opdracht-1.csproj", "{AA1FF674-E5EF-4C8C-A891-3822C938BB12}"
EndProject
Project("{FAE04EC0-301F-11D3-BF4B-00C04F79EFBC}") = "Opdracht-2", "Opdracht-2\Opdracht-2.csproj", "{BB9B102D-F722-48E0-A652-AC722DE6C323}"
EndProject
Global
	GlobalSection(SolutionConfigurationPlatforms) = preSolution
		Debug|Any CPU = Debug|Any CPU
		Release|Any CPU = Release|Any CPU
	EndGlobalSection
	GlobalSection(ProjectConfigurationPlatforms) = postSolution
		{AA1FF674-E5EF-4C8C-A891-3822C938BB12}.Debug|Any CPU.ActiveCfg = Debug|Any CPU
		{AA1FF674-E5EF-4C8C-A891-3822C938BB12}.Debug|Any CPU.Build.0 = Debug|Any CPU
		{AA1FF674-E5EF-4C8C-A891-3822C938BB12}.Release|Any CPU.ActiveCfg = Release|Any CPU
		{AA1FF674-E5EF-4C8C-A891-3822C938BB12}.Release|Any CPU.Build.0 = Release|Any CPU
		{BB9B102D-F722-48E0-A652-AC722DE6C323}.Debug|Any CPU.ActiveCfg = Debug|Any CPU
		{BB9B102D-F722-48E0-A652-AC722DE6C323}.Debug|Any CPU.Build.0 = Debug|Any CPU
		{BB9B102D-F722-48E0-A652-AC722DE6C323}.Release|Any CPU.ActiveCfg = Release|Any CPU
		{BB9B102D-F722-48E0-A652-AC722DE6C323}.Release|Any CPU.Build.0 = Release|Any CPU
	EndGlobalSection
EndGlobal
